
Microsoft Visual Studio Solution File, Format Version 12.00
# Visual Studio Version 17
VisualStudioVersion = 17.3.32819.101
MinimumVisualStudioVersion = 10.0.40219.1
Project("{FAE04EC0-301F-11D3-BF4B-00C04F79EFBC}") = "app4.Android", "app4\app4.Android\app4.Android.csproj", "{17816C74-BB0C-42D3-88B1-2E3F63961390}"
EndProject
Project("{FAE04EC0-301F-11D3-BF4B-00C04F79EFBC}") = "app4", "app4\app4\app4.csproj", "{17C950D5-F065-47FA-8E01-AE3B371ECF9C}"
EndProject
Global
	GlobalSection(SolutionConfigurationPlatforms) = preSolution
		Debug|Any CPU = Debug|Any CPU
		Release|Any CPU = Release|Any CPU
	EndGlobalSection
	GlobalSection(ProjectConfigurationPlatforms) = postSolution
		{17816C74-BB0C-42D3-88B1-2E3F63961390}.Debug|Any CPU.ActiveCfg = Debug|Any CPU
		{17816C74-BB0C-42D3-88B1-2E3F63961390}.Debug|Any CPU.Build.0 = Debug|Any CPU
		{17816C74-BB0C-42D3-88B1-2E3F63961390}.Debug|Any CPU.Deploy.0 = Debug|Any CPU
		{17816C74-BB0C-42D3-88B1-2E3F63961390}.Release|Any CPU.ActiveCfg = Release|Any CPU
		{17816C74-BB0C-42D3-88B1-2E3F63961390}.Release|Any CPU.Build.0 = Release|Any CPU
		{17816C74-BB0C-42D3-88B1-2E3F63961390}.Release|Any CPU.Deploy.0 = Release|Any CPU
		{17C950D5-F065-47FA-8E01-AE3B371ECF9C}.Debug|Any CPU.ActiveCfg = Debug|Any CPU
		{17C950D5-F065-47FA-8E01-AE3B371ECF9C}.Debug|Any CPU.Build.0 = Debug|Any CPU
		{17C950D5-F065-47FA-8E01-AE3B371ECF9C}.Debug|Any CPU.Deploy.0 = Debug|Any CPU
		{17C950D5-F065-47FA-8E01-AE3B371ECF9C}.Release|Any CPU.ActiveCfg = Release|Any CPU
		{17C950D5-F065-47FA-8E01-AE3B371ECF9C}.Release|Any CPU.Build.0 = Release|Any CPU
		{17C950D5-F065-47FA-8E01-AE3B371ECF9C}.Release|Any CPU.Deploy.0 = Release|Any CPU
	EndGlobalSection
	GlobalSection(SolutionProperties) = preSolution
		HideSolutionNode = FALSE
	EndGlobalSection
	GlobalSection(ExtensibilityGlobals) = postSolution
		SolutionGuid = {DADF9EFE-66C8-435C-ACD5-44ED99C8D1B0}
	EndGlobalSection
EndGlobal
